
Microsoft Visual Studio Solution File, Format Version 12.00
# Visual Studio Version 16
VisualStudioVersion = 25.0.1706.11
MinimumVisualStudioVersion = 10.0.40219.1
Project("{FAE04EC0-301F-11D3-BF4B-00C04F79EFBC}") = "Encapsulation", "Encapsulation\Encapsulation.csproj", "{C049FE9F-5681-419D-9F02-0C2E5B5B1263}"
EndProject
Project("{FAE04EC0-301F-11D3-BF4B-00C04F79EFBC}") = "Inheritance", "Inheritance\Inheritance.csproj", "{5CDD2D3D-6B94-46F6-8B88-75F919254565}"
EndProject
Project("{FAE04EC0-301F-11D3-BF4B-00C04F79EFBC}") = "Polymorphism", "Polymorphism\Polymorphism.csproj", "{8C5F290E-F091-48F7-825E-3B753B778FA1}"
EndProject
Project("{FAE04EC0-301F-11D3-BF4B-00C04F79EFBC}") = "Abstraction", "Abstraction\Abstraction.csproj", "{66AE039A-6157-4D8F-A792-5581DE2425CC}"
EndProject
Project("{FAE04EC0-301F-11D3-BF4B-00C04F79EFBC}") = "Interface", "Interface\Interface.csproj", "{EE7FF425-5B91-4FF2-9534-6FAEA9BCB537}"
EndProject
Global
	GlobalSection(SolutionConfigurationPlatforms) = preSolution
		Debug|Any CPU = Debug|Any CPU
		Release|Any CPU = Release|Any CPU
	EndGlobalSection
	GlobalSection(ProjectConfigurationPlatforms) = postSolution
		{C049FE9F-5681-419D-9F02-0C2E5B5B1263}.Debug|Any CPU.ActiveCfg = Debug|Any CPU
		{C049FE9F-5681-419D-9F02-0C2E5B5B1263}.Debug|Any CPU.Build.0 = Debug|Any CPU
		{C049FE9F-5681-419D-9F02-0C2E5B5B1263}.Release|Any CPU.ActiveCfg = Release|Any CPU
		{C049FE9F-5681-419D-9F02-0C2E5B5B1263}.Release|Any CPU.Build.0 = Release|Any CPU
		{5CDD2D3D-6B94-46F6-8B88-75F919254565}.Debug|Any CPU.ActiveCfg = Debug|Any CPU
		{5CDD2D3D-6B94-46F6-8B88-75F919254565}.Debug|Any CPU.Build.0 = Debug|Any CPU
		{5CDD2D3D-6B94-46F6-8B88-75F919254565}.Release|Any CPU.ActiveCfg = Release|Any CPU
		{5CDD2D3D-6B94-46F6-8B88-75F919254565}.Release|Any CPU.Build.0 = Release|Any CPU
		{8C5F290E-F091-48F7-825E-3B753B778FA1}.Debug|Any CPU.ActiveCfg = Debug|Any CPU
		{8C5F290E-F091-48F7-825E-3B753B778FA1}.Debug|Any CPU.Build.0 = Debug|Any CPU
		{8C5F290E-F091-48F7-825E-3B753B778FA1}.Release|Any CPU.ActiveCfg = Release|Any CPU
		{8C5F290E-F091-48F7-825E-3B753B778FA1}.Release|Any CPU.Build.0 = Release|Any CPU
		{66AE039A-6157-4D8F-A792-5581DE2425CC}.Debug|Any CPU.ActiveCfg = Debug|Any CPU
		{66AE039A-6157-4D8F-A792-5581DE2425CC}.Debug|Any CPU.Build.0 = Debug|Any CPU
		{66AE039A-6157-4D8F-A792-5581DE2425CC}.Release|Any CPU.ActiveCfg = Release|Any CPU
		{66AE039A-6157-4D8F-A792-5581DE2425CC}.Release|Any CPU.Build.0 = Release|Any CPU
		{EE7FF425-5B91-4FF2-9534-6FAEA9BCB537}.Debug|Any CPU.ActiveCfg = Debug|Any CPU
		{EE7FF425-5B91-4FF2-9534-6FAEA9BCB537}.Debug|Any CPU.Build.0 = Debug|Any CPU
		{EE7FF425-5B91-4FF2-9534-6FAEA9BCB537}.Release|Any CPU.ActiveCfg = Release|Any CPU
		{EE7FF425-5B91-4FF2-9534-6FAEA9BCB537}.Release|Any CPU.Build.0 = Release|Any CPU
	EndGlobalSection
	GlobalSection(SolutionProperties) = preSolution
		HideSolutionNode = FALSE
	EndGlobalSection
	GlobalSection(ExtensibilityGlobals) = postSolution
		SolutionGuid = {3DA34E4C-7EAA-4576-94BB-6E836D58E2BC}
	EndGlobalSection
EndGlobal
